
Microsoft Visual Studio Solution File, Format Version 12.00
# Visual Studio Version 16
VisualStudioVersion = 16.0.30517.126
MinimumVisualStudioVersion = 10.0.40219.1
Project("{2150E333-8FDC-42A3-9474-1A3956D46DE8}") = "MicroServices", "MicroServices", "{A53BA5D6-A382-4715-81E0-FA0BA2882509}"
EndProject
Project("{2150E333-8FDC-42A3-9474-1A3956D46DE8}") = "Domain", "Domain", "{ED749E26-5A0F-4209-9A84-D1D1F0E699BC}"
EndProject
Project("{2150E333-8FDC-42A3-9474-1A3956D46DE8}") = "Infra.Bus", "Infra.Bus", "{2481F6A1-7C3D-449D-9B10-4EC87CE214AF}"
EndProject
Project("{2150E333-8FDC-42A3-9474-1A3956D46DE8}") = "Infra.IOC", "Infra.IOC", "{ABC6154B-1B32-4F23-A7B1-6E3792F6FFE4}"
EndProject
Project("{2150E333-8FDC-42A3-9474-1A3956D46DE8}") = "Persentation", "Persentation", "{1F85DC65-4A8B-42A1-A1FC-9B41DF25DBBF}"
EndProject
Project("{9A19103F-16F7-4668-BE54-9A1E7A4F7556}") = "MicroRabbit.Domain.Core", "MicroRabbit.Domain.Core\MicroRabbit.Domain.Core.csproj", "{1EDFEB2B-3B36-405C-B2D1-4A4DCD91FBE9}"
EndProject
Project("{FAE04EC0-301F-11D3-BF4B-00C04F79EFBC}") = "MicroRabbit.Infra.Bus", "MicroRabbit.Infra.Bus\MicroRabbit.Infra.Bus.csproj", "{6B964182-588D-4C87-BE71-6D5AB32305D9}"
EndProject
Project("{FAE04EC0-301F-11D3-BF4B-00C04F79EFBC}") = "MicroRabbit.Infra.Ioc", "MicroRabbit.Infra.Ioc\MicroRabbit.Infra.Ioc.csproj", "{DA468356-D08D-4073-B850-E09E13B2BA54}"
EndProject
Project("{2150E333-8FDC-42A3-9474-1A3956D46DE8}") = "Banking", "Banking", "{96DFB376-956F-4D16-B61D-D2B97CFC7B98}"
EndProject
Project("{2150E333-8FDC-42A3-9474-1A3956D46DE8}") = "Api", "Api", "{771C3D2B-E0A7-4180-A232-8783ACF72594}"
EndProject
Project("{2150E333-8FDC-42A3-9474-1A3956D46DE8}") = "Domain", "Domain", "{F0A80E5D-5485-40FF-ADDD-8A2DFDA8B73C}"
EndProject
Project("{2150E333-8FDC-42A3-9474-1A3956D46DE8}") = "Application", "Application", "{2B27B3DE-7255-4E2C-9540-64BC1DA7C7A0}"
EndProject
Project("{2150E333-8FDC-42A3-9474-1A3956D46DE8}") = "Data", "Data", "{48E67EC5-B05E-4A6F-A51B-0654C48D5BA1}"
EndProject
Project("{FAE04EC0-301F-11D3-BF4B-00C04F79EFBC}") = "MicroRabbit.Banking.Api", "MicroRabbit.Banking.Api\MicroRabbit.Banking.Api.csproj", "{2A35F996-9204-4D1B-ABB7-45459DAE4660}"
EndProject
Project("{FAE04EC0-301F-11D3-BF4B-00C04F79EFBC}") = "MicroRabbit.Banking.Application", "MicroRabbit.Banking.Application\MicroRabbit.Banking.Application.csproj", "{23CA16C1-C0DA-4C3D-B4C5-0A35A712E9E1}"
EndProject
Project("{FAE04EC0-301F-11D3-BF4B-00C04F79EFBC}") = "MicroRabbit.Banking.Data", "MicroRabbit.Banking.Data\MicroRabbit.Banking.Data.csproj", "{C7137128-F201-409D-9344-67744EA1B320}"
EndProject
Project("{FAE04EC0-301F-11D3-BF4B-00C04F79EFBC}") = "MicroRabbit.Banking.Domain", "MicroRabbit.Banking.Domain\MicroRabbit.Banking.Domain.csproj", "{E637D581-928D-46F5-8B3C-527BE7C4CE5F}"
EndProject
Global
	GlobalSection(SolutionConfigurationPlatforms) = preSolution
		Debug|Any CPU = Debug|Any CPU
		Release|Any CPU = Release|Any CPU
	EndGlobalSection
	GlobalSection(ProjectConfigurationPlatforms) = postSolution
		{1EDFEB2B-3B36-405C-B2D1-4A4DCD91FBE9}.Debug|Any CPU.ActiveCfg = Debug|Any CPU
		{1EDFEB2B-3B36-405C-B2D1-4A4DCD91FBE9}.Debug|Any CPU.Build.0 = Debug|Any CPU
		{1EDFEB2B-3B36-405C-B2D1-4A4DCD91FBE9}.Release|Any CPU.ActiveCfg = Release|Any CPU
		{1EDFEB2B-3B36-405C-B2D1-4A4DCD91FBE9}.Release|Any CPU.Build.0 = Release|Any CPU
		{6B964182-588D-4C87-BE71-6D5AB32305D9}.Debug|Any CPU.ActiveCfg = Debug|Any CPU
		{6B964182-588D-4C87-BE71-6D5AB32305D9}.Debug|Any CPU.Build.0 = Debug|Any CPU
		{6B964182-588D-4C87-BE71-6D5AB32305D9}.Release|Any CPU.ActiveCfg = Release|Any CPU
		{6B964182-588D-4C87-BE71-6D5AB32305D9}.Release|Any CPU.Build.0 = Release|Any CPU
		{DA468356-D08D-4073-B850-E09E13B2BA54}.Debug|Any CPU.ActiveCfg = Debug|Any CPU
		{DA468356-D08D-4073-B850-E09E13B2BA54}.Debug|Any CPU.Build.0 = Debug|Any CPU
		{DA468356-D08D-4073-B850-E09E13B2BA54}.Release|Any CPU.ActiveCfg = Release|Any CPU
		{DA468356-D08D-4073-B850-E09E13B2BA54}.Release|Any CPU.Build.0 = Release|Any CPU
		{2A35F996-9204-4D1B-ABB7-45459DAE4660}.Debug|Any CPU.ActiveCfg = Debug|Any CPU
		{2A35F996-9204-4D1B-ABB7-45459DAE4660}.Debug|Any CPU.Build.0 = Debug|Any CPU
		{2A35F996-9204-4D1B-ABB7-45459DAE4660}.Release|Any CPU.ActiveCfg = Release|Any CPU
		{2A35F996-9204-4D1B-ABB7-45459DAE4660}.Release|Any CPU.Build.0 = Release|Any CPU
		{23CA16C1-C0DA-4C3D-B4C5-0A35A712E9E1}.Debug|Any CPU.ActiveCfg = Debug|Any CPU
		{23CA16C1-C0DA-4C3D-B4C5-0A35A712E9E1}.Debug|Any CPU.Build.0 = Debug|Any CPU
		{23CA16C1-C0DA-4C3D-B4C5-0A35A712E9E1}.Release|Any CPU.ActiveCfg = Release|Any CPU
		{23CA16C1-C0DA-4C3D-B4C5-0A35A712E9E1}.Release|Any CPU.Build.0 = Release|Any CPU
		{C7137128-F201-409D-9344-67744EA1B320}.Debug|Any CPU.ActiveCfg = Debug|Any CPU
		{C7137128-F201-409D-9344-67744EA1B320}.Debug|Any CPU.Build.0 = Debug|Any CPU
		{C7137128-F201-409D-9344-67744EA1B320}.Release|Any CPU.ActiveCfg = Release|Any CPU
		{C7137128-F201-409D-9344-67744EA1B320}.Release|Any CPU.Build.0 = Release|Any CPU
		{E637D581-928D-46F5-8B3C-527BE7C4CE5F}.Debug|Any CPU.ActiveCfg = Debug|Any CPU
		{E637D581-928D-46F5-8B3C-527BE7C4CE5F}.Debug|Any CPU.Build.0 = Debug|Any CPU
		{E637D581-928D-46F5-8B3C-527BE7C4CE5F}.Release|Any CPU.ActiveCfg = Release|Any CPU
		{E637D581-928D-46F5-8B3C-527BE7C4CE5F}.Release|Any CPU.Build.0 = Release|Any CPU
	EndGlobalSection
	GlobalSection(SolutionProperties) = preSolution
		HideSolutionNode = FALSE
	EndGlobalSection
	GlobalSection(NestedProjects) = preSolution
		{1EDFEB2B-3B36-405C-B2D1-4A4DCD91FBE9} = {ED749E26-5A0F-4209-9A84-D1D1F0E699BC}
		{6B964182-588D-4C87-BE71-6D5AB32305D9} = {2481F6A1-7C3D-449D-9B10-4EC87CE214AF}
		{DA468356-D08D-4073-B850-E09E13B2BA54} = {ABC6154B-1B32-4F23-A7B1-6E3792F6FFE4}
		{96DFB376-956F-4D16-B61D-D2B97CFC7B98} = {A53BA5D6-A382-4715-81E0-FA0BA2882509}
		{771C3D2B-E0A7-4180-A232-8783ACF72594} = {96DFB376-956F-4D16-B61D-D2B97CFC7B98}
		{F0A80E5D-5485-40FF-ADDD-8A2DFDA8B73C} = {96DFB376-956F-4D16-B61D-D2B97CFC7B98}
		{2B27B3DE-7255-4E2C-9540-64BC1DA7C7A0} = {96DFB376-956F-4D16-B61D-D2B97CFC7B98}
		{48E67EC5-B05E-4A6F-A51B-0654C48D5BA1} = {96DFB376-956F-4D16-B61D-D2B97CFC7B98}
		{2A35F996-9204-4D1B-ABB7-45459DAE4660} = {771C3D2B-E0A7-4180-A232-8783ACF72594}
		{23CA16C1-C0DA-4C3D-B4C5-0A35A712E9E1} = {2B27B3DE-7255-4E2C-9540-64BC1DA7C7A0}
		{C7137128-F201-409D-9344-67744EA1B320} = {48E67EC5-B05E-4A6F-A51B-0654C48D5BA1}
		{E637D581-928D-46F5-8B3C-527BE7C4CE5F} = {F0A80E5D-5485-40FF-ADDD-8A2DFDA8B73C}
	EndGlobalSection
	GlobalSection(ExtensibilityGlobals) = postSolution
		SolutionGuid = {1D816902-4574-4D1D-8A9D-30C4E9B103FE}
	EndGlobalSection
EndGlobal
